
Microsoft Visual Studio Solution File, Format Version 12.00
# Visual Studio Version 17
VisualStudioVersion = 17.0.31612.314
MinimumVisualStudioVersion = 10.0.40219.1
Project("{8BC9CEB8-8B4A-11D0-8D11-00A0C91BC942}") = "6.3.2", "6.3.2.vcxproj", "{16947AAE-965F-4227-BA8C-86448DDC3455}"
EndProject
Project("{8BC9CEB8-8B4A-11D0-8D11-00A0C91BC942}") = "UnitTest1", "..\UnitTest1\UnitTest1.vcxproj", "{0D608A41-A99E-4D78-A3E4-3A852AC99341}"
EndProject
Global
	GlobalSection(SolutionConfigurationPlatforms) = preSolution
		Debug|x64 = Debug|x64
		Debug|x86 = Debug|x86
		Release|x64 = Release|x64
		Release|x86 = Release|x86
	EndGlobalSection
	GlobalSection(ProjectConfigurationPlatforms) = postSolution
		{16947AAE-965F-4227-BA8C-86448DDC3455}.Debug|x64.ActiveCfg = Debug|x64
		{16947AAE-965F-4227-BA8C-86448DDC3455}.Debug|x64.Build.0 = Debug|x64
		{16947AAE-965F-4227-BA8C-86448DDC3455}.Debug|x86.ActiveCfg = Debug|Win32
		{16947AAE-965F-4227-BA8C-86448DDC3455}.Debug|x86.Build.0 = Debug|Win32
		{16947AAE-965F-4227-BA8C-86448DDC3455}.Release|x64.ActiveCfg = Release|x64
		{16947AAE-965F-4227-BA8C-86448DDC3455}.Release|x64.Build.0 = Release|x64
		{16947AAE-965F-4227-BA8C-86448DDC3455}.Release|x86.ActiveCfg = Release|Win32
		{16947AAE-965F-4227-BA8C-86448DDC3455}.Release|x86.Build.0 = Release|Win32
		{0D608A41-A99E-4D78-A3E4-3A852AC99341}.Debug|x64.ActiveCfg = Debug|x64
		{0D608A41-A99E-4D78-A3E4-3A852AC99341}.Debug|x64.Build.0 = Debug|x64
		{0D608A41-A99E-4D78-A3E4-3A852AC99341}.Debug|x86.ActiveCfg = Debug|Win32
		{0D608A41-A99E-4D78-A3E4-3A852AC99341}.Debug|x86.Build.0 = Debug|Win32
		{0D608A41-A99E-4D78-A3E4-3A852AC99341}.Release|x64.ActiveCfg = Release|x64
		{0D608A41-A99E-4D78-A3E4-3A852AC99341}.Release|x64.Build.0 = Release|x64
		{0D608A41-A99E-4D78-A3E4-3A852AC99341}.Release|x86.ActiveCfg = Release|Win32
		{0D608A41-A99E-4D78-A3E4-3A852AC99341}.Release|x86.Build.0 = Release|Win32
	EndGlobalSection
	GlobalSection(SolutionProperties) = preSolution
		HideSolutionNode = FALSE
	EndGlobalSection
	GlobalSection(ExtensibilityGlobals) = postSolution
		SolutionGuid = {F2790BBE-78E8-43E0-AE83-F08FD78281BB}
	EndGlobalSection
EndGlobal
